
Microsoft Visual Studio Solution File, Format Version 12.00
# Visual Studio 15
VisualStudioVersion = 15.0.27004.2005
MinimumVisualStudioVersion = 10.0.40219.1
Project("{2150E333-8FDC-42A3-9474-1A3956D46DE8}") = "src", "src", "{4C11A3D4-AEC3-4632-A521-30ED3D363DD2}"
EndProject
Project("{2150E333-8FDC-42A3-9474-1A3956D46DE8}") = "Solution Items", "Solution Items", "{28B4EE48-1787-4127-8A00-36F3F178472D}"
	ProjectSection(SolutionItems) = preProject
		.travis.yml = .travis.yml
		README.md = README.md
	EndProjectSection
EndProject
Project("{2150E333-8FDC-42A3-9474-1A3956D46DE8}") = "tests", "tests", "{F293ED43-694A-4416-940D-8FE83A047F2A}"
EndProject
Project("{9A19103F-16F7-4668-BE54-9A1E7A4F7556}") = "JwtAuthServer", "src\JwtAuthServer\JwtAuthServer.csproj", "{BD26E70E-3B3B-4CDE-B0E3-B756DC11A96E}"
EndProject
Project("{9A19103F-16F7-4668-BE54-9A1E7A4F7556}") = "DataAccess", "src\DataAccess\DataAccess.csproj", "{76863CCC-0575-4FB4-8B3E-89D7B7057FCD}"
EndProject
Project("{9A19103F-16F7-4668-BE54-9A1E7A4F7556}") = "BusinessLogic", "src\BusinessLogic\BusinessLogic.csproj", "{F860343C-1DBB-47FD-8F44-6984E06F1B48}"
EndProject
Project("{9A19103F-16F7-4668-BE54-9A1E7A4F7556}") = "BusinessLogic.Tests", "src\BusinessLogic.Tests\BusinessLogic.Tests.csproj", "{C385F0BA-4ABA-4391-9896-349FC3ABD0B6}"
EndProject
Project("{9A19103F-16F7-4668-BE54-9A1E7A4F7556}") = "JwtManager", "src\JwtManager\JwtManager.csproj", "{48E5FACE-C792-4296-A8DB-E000F99A9C92}"
EndProject
Global
	GlobalSection(SolutionConfigurationPlatforms) = preSolution
		Debug|Any CPU = Debug|Any CPU
		Release|Any CPU = Release|Any CPU
	EndGlobalSection
	GlobalSection(ProjectConfigurationPlatforms) = postSolution
		{BD26E70E-3B3B-4CDE-B0E3-B756DC11A96E}.Debug|Any CPU.ActiveCfg = Debug|Any CPU
		{BD26E70E-3B3B-4CDE-B0E3-B756DC11A96E}.Debug|Any CPU.Build.0 = Debug|Any CPU
		{BD26E70E-3B3B-4CDE-B0E3-B756DC11A96E}.Release|Any CPU.ActiveCfg = Release|Any CPU
		{BD26E70E-3B3B-4CDE-B0E3-B756DC11A96E}.Release|Any CPU.Build.0 = Release|Any CPU
		{76863CCC-0575-4FB4-8B3E-89D7B7057FCD}.Debug|Any CPU.ActiveCfg = Debug|Any CPU
		{76863CCC-0575-4FB4-8B3E-89D7B7057FCD}.Debug|Any CPU.Build.0 = Debug|Any CPU
		{76863CCC-0575-4FB4-8B3E-89D7B7057FCD}.Release|Any CPU.ActiveCfg = Release|Any CPU
		{76863CCC-0575-4FB4-8B3E-89D7B7057FCD}.Release|Any CPU.Build.0 = Release|Any CPU
		{F860343C-1DBB-47FD-8F44-6984E06F1B48}.Debug|Any CPU.ActiveCfg = Debug|Any CPU
		{F860343C-1DBB-47FD-8F44-6984E06F1B48}.Debug|Any CPU.Build.0 = Debug|Any CPU
		{F860343C-1DBB-47FD-8F44-6984E06F1B48}.Release|Any CPU.ActiveCfg = Release|Any CPU
		{F860343C-1DBB-47FD-8F44-6984E06F1B48}.Release|Any CPU.Build.0 = Release|Any CPU
		{C385F0BA-4ABA-4391-9896-349FC3ABD0B6}.Debug|Any CPU.ActiveCfg = Debug|Any CPU
		{C385F0BA-4ABA-4391-9896-349FC3ABD0B6}.Debug|Any CPU.Build.0 = Debug|Any CPU
		{C385F0BA-4ABA-4391-9896-349FC3ABD0B6}.Release|Any CPU.ActiveCfg = Release|Any CPU
		{C385F0BA-4ABA-4391-9896-349FC3ABD0B6}.Release|Any CPU.Build.0 = Release|Any CPU
		{48E5FACE-C792-4296-A8DB-E000F99A9C92}.Debug|Any CPU.ActiveCfg = Debug|Any CPU
		{48E5FACE-C792-4296-A8DB-E000F99A9C92}.Debug|Any CPU.Build.0 = Debug|Any CPU
		{48E5FACE-C792-4296-A8DB-E000F99A9C92}.Release|Any CPU.ActiveCfg = Release|Any CPU
		{48E5FACE-C792-4296-A8DB-E000F99A9C92}.Release|Any CPU.Build.0 = Release|Any CPU
	EndGlobalSection
	GlobalSection(SolutionProperties) = preSolution
		HideSolutionNode = FALSE
	EndGlobalSection
	GlobalSection(NestedProjects) = preSolution
		{BD26E70E-3B3B-4CDE-B0E3-B756DC11A96E} = {4C11A3D4-AEC3-4632-A521-30ED3D363DD2}
		{76863CCC-0575-4FB4-8B3E-89D7B7057FCD} = {4C11A3D4-AEC3-4632-A521-30ED3D363DD2}
		{F860343C-1DBB-47FD-8F44-6984E06F1B48} = {4C11A3D4-AEC3-4632-A521-30ED3D363DD2}
		{C385F0BA-4ABA-4391-9896-349FC3ABD0B6} = {F293ED43-694A-4416-940D-8FE83A047F2A}
		{48E5FACE-C792-4296-A8DB-E000F99A9C92} = {4C11A3D4-AEC3-4632-A521-30ED3D363DD2}
	EndGlobalSection
	GlobalSection(ExtensibilityGlobals) = postSolution
		SolutionGuid = {4D77D5AA-52EA-47A4-9B92-9DEF1145635E}
	EndGlobalSection
EndGlobal
